
Microsoft Visual Studio Solution File, Format Version 12.00
# Visual Studio Version 16
VisualStudioVersion = 16.0.29411.108
MinimumVisualStudioVersion = 10.0.40219.1
Project("{9A19103F-16F7-4668-BE54-9A1E7A4F7556}") = "TeArchitecture.Demo1", "TeArchitectDemo1\TeArchitecture.Demo1.csproj", "{6CCA8878-AF04-46B2-B20F-25F922C77C84}"
EndProject
Project("{9A19103F-16F7-4668-BE54-9A1E7A4F7556}") = "TeArchitecture.Shared", "TeArchitecture.Shared\TeArchitecture.Shared.csproj", "{9EBBAC2C-9105-49C9-9E56-D365DD563C4C}"
EndProject
Project("{9A19103F-16F7-4668-BE54-9A1E7A4F7556}") = "TeArchitecture.Domain", "TeArchitecture.Domain\TeArchitecture.Domain.csproj", "{960F4067-11F0-4F4E-BEEE-78CB8668C7BB}"
EndProject
Project("{FAE04EC0-301F-11D3-BF4B-00C04F79EFBC}") = "TeArchitecture.Demo1.Tests", "TeArchitecture.Demo1.Tests\TeArchitecture.Demo1.Tests.csproj", "{46C2F973-0F68-4923-AB5E-73593A6BAB08}"
EndProject
Global
	GlobalSection(SolutionConfigurationPlatforms) = preSolution
		Debug|Any CPU = Debug|Any CPU
		Release|Any CPU = Release|Any CPU
	EndGlobalSection
	GlobalSection(ProjectConfigurationPlatforms) = postSolution
		{6CCA8878-AF04-46B2-B20F-25F922C77C84}.Debug|Any CPU.ActiveCfg = Debug|Any CPU
		{6CCA8878-AF04-46B2-B20F-25F922C77C84}.Debug|Any CPU.Build.0 = Debug|Any CPU
		{6CCA8878-AF04-46B2-B20F-25F922C77C84}.Release|Any CPU.ActiveCfg = Release|Any CPU
		{6CCA8878-AF04-46B2-B20F-25F922C77C84}.Release|Any CPU.Build.0 = Release|Any CPU
		{9EBBAC2C-9105-49C9-9E56-D365DD563C4C}.Debug|Any CPU.ActiveCfg = Debug|Any CPU
		{9EBBAC2C-9105-49C9-9E56-D365DD563C4C}.Debug|Any CPU.Build.0 = Debug|Any CPU
		{9EBBAC2C-9105-49C9-9E56-D365DD563C4C}.Release|Any CPU.ActiveCfg = Release|Any CPU
		{9EBBAC2C-9105-49C9-9E56-D365DD563C4C}.Release|Any CPU.Build.0 = Release|Any CPU
		{960F4067-11F0-4F4E-BEEE-78CB8668C7BB}.Debug|Any CPU.ActiveCfg = Debug|Any CPU
		{960F4067-11F0-4F4E-BEEE-78CB8668C7BB}.Debug|Any CPU.Build.0 = Debug|Any CPU
		{960F4067-11F0-4F4E-BEEE-78CB8668C7BB}.Release|Any CPU.ActiveCfg = Release|Any CPU
		{960F4067-11F0-4F4E-BEEE-78CB8668C7BB}.Release|Any CPU.Build.0 = Release|Any CPU
		{46C2F973-0F68-4923-AB5E-73593A6BAB08}.Debug|Any CPU.ActiveCfg = Debug|Any CPU
		{46C2F973-0F68-4923-AB5E-73593A6BAB08}.Debug|Any CPU.Build.0 = Debug|Any CPU
		{46C2F973-0F68-4923-AB5E-73593A6BAB08}.Release|Any CPU.ActiveCfg = Release|Any CPU
		{46C2F973-0F68-4923-AB5E-73593A6BAB08}.Release|Any CPU.Build.0 = Release|Any CPU
	EndGlobalSection
	GlobalSection(SolutionProperties) = preSolution
		HideSolutionNode = FALSE
	EndGlobalSection
	GlobalSection(ExtensibilityGlobals) = postSolution
		SolutionGuid = {324D39BD-6077-48E6-AD22-2CC1ABCB4846}
	EndGlobalSection
EndGlobal
